
Microsoft Visual Studio Solution File, Format Version 12.00
# Visual Studio Version 16
VisualStudioVersion = 16.0.29230.47
MinimumVisualStudioVersion = 10.0.40219.1
Project("{8BC9CEB8-8B4A-11D0-8D11-00A0C91BC942}") = "multmatrix", "multmatrix.vcxproj", "{BA164AD5-3BAF-40D7-8EA8-AC73A24D0DF1}"
EndProject
Global
	GlobalSection(SolutionConfigurationPlatforms) = preSolution
		Debug|x64 = Debug|x64
		Debug|x86 = Debug|x86
		Release|x64 = Release|x64
		Release|x86 = Release|x86
	EndGlobalSection
	GlobalSection(ProjectConfigurationPlatforms) = postSolution
		{BA164AD5-3BAF-40D7-8EA8-AC73A24D0DF1}.Debug|x64.ActiveCfg = Debug|x64
		{BA164AD5-3BAF-40D7-8EA8-AC73A24D0DF1}.Debug|x64.Build.0 = Debug|x64
		{BA164AD5-3BAF-40D7-8EA8-AC73A24D0DF1}.Debug|x86.ActiveCfg = Debug|Win32
		{BA164AD5-3BAF-40D7-8EA8-AC73A24D0DF1}.Debug|x86.Build.0 = Debug|Win32
		{BA164AD5-3BAF-40D7-8EA8-AC73A24D0DF1}.Release|x64.ActiveCfg = Release|x64
		{BA164AD5-3BAF-40D7-8EA8-AC73A24D0DF1}.Release|x64.Build.0 = Release|x64
		{BA164AD5-3BAF-40D7-8EA8-AC73A24D0DF1}.Release|x86.ActiveCfg = Release|Win32
		{BA164AD5-3BAF-40D7-8EA8-AC73A24D0DF1}.Release|x86.Build.0 = Release|Win32
	EndGlobalSection
	GlobalSection(SolutionProperties) = preSolution
		HideSolutionNode = FALSE
	EndGlobalSection
	GlobalSection(ExtensibilityGlobals) = postSolution
		SolutionGuid = {FB35D718-F6E6-4BEE-92F8-4BFA80968587}
	EndGlobalSection
EndGlobal
